
Microsoft Visual Studio Solution File, Format Version 12.00
# Visual Studio 15
VisualStudioVersion = 15.0.27703.2042
MinimumVisualStudioVersion = 10.0.40219.1
Project("{FAE04EC0-301F-11D3-BF4B-00C04F79EFBC}") = "CommerceV3", "CommerceV3\CommerceV3.csproj", "{42AFE735-820E-4E7F-9934-6A26FFEC5372}"
EndProject
Global
	GlobalSection(SolutionConfigurationPlatforms) = preSolution
		Debug|Any CPU = Debug|Any CPU
		Release|Any CPU = Release|Any CPU
	EndGlobalSection
	GlobalSection(ProjectConfigurationPlatforms) = postSolution
		{42AFE735-820E-4E7F-9934-6A26FFEC5372}.Debug|Any CPU.ActiveCfg = Debug|Any CPU
		{42AFE735-820E-4E7F-9934-6A26FFEC5372}.Debug|Any CPU.Build.0 = Debug|Any CPU
		{42AFE735-820E-4E7F-9934-6A26FFEC5372}.Release|Any CPU.ActiveCfg = Release|Any CPU
		{42AFE735-820E-4E7F-9934-6A26FFEC5372}.Release|Any CPU.Build.0 = Release|Any CPU
	EndGlobalSection
	GlobalSection(SolutionProperties) = preSolution
		HideSolutionNode = FALSE
	EndGlobalSection
	GlobalSection(ExtensibilityGlobals) = postSolution
		SolutionGuid = {56452D00-5E56-4081-AF71-12CE4CB009BE}
	EndGlobalSection
EndGlobal
